
Microsoft Visual Studio Solution File, Format Version 12.00
# Visual Studio Version 17
VisualStudioVersion = 17.6.33829.357
MinimumVisualStudioVersion = 10.0.40219.1
Project("{FAE04EC0-301F-11D3-BF4B-00C04F79EFBC}") = "UserService", "UserService\UserService.csproj", "{7E48DEAA-AAB0-4E9F-AFDF-D2ED46374E78}"
EndProject
Project("{FAE04EC0-301F-11D3-BF4B-00C04F79EFBC}") = "KeyService", "KeyService\KeyService.csproj", "{FBA63970-6E6F-413E-92A2-4E18DC1BD21B}"
EndProject
Project("{FAE04EC0-301F-11D3-BF4B-00C04F79EFBC}") = "DbUserService", "DbUserService\DbUserService.csproj", "{833384CB-C1B1-4999-83C6-7066781DF2C2}"
EndProject
Global
	GlobalSection(SolutionConfigurationPlatforms) = preSolution
		Debug|Any CPU = Debug|Any CPU
		Release|Any CPU = Release|Any CPU
	EndGlobalSection
	GlobalSection(ProjectConfigurationPlatforms) = postSolution
		{7E48DEAA-AAB0-4E9F-AFDF-D2ED46374E78}.Debug|Any CPU.ActiveCfg = Debug|Any CPU
		{7E48DEAA-AAB0-4E9F-AFDF-D2ED46374E78}.Debug|Any CPU.Build.0 = Debug|Any CPU
		{7E48DEAA-AAB0-4E9F-AFDF-D2ED46374E78}.Release|Any CPU.ActiveCfg = Release|Any CPU
		{7E48DEAA-AAB0-4E9F-AFDF-D2ED46374E78}.Release|Any CPU.Build.0 = Release|Any CPU
		{FBA63970-6E6F-413E-92A2-4E18DC1BD21B}.Debug|Any CPU.ActiveCfg = Debug|Any CPU
		{FBA63970-6E6F-413E-92A2-4E18DC1BD21B}.Debug|Any CPU.Build.0 = Debug|Any CPU
		{FBA63970-6E6F-413E-92A2-4E18DC1BD21B}.Release|Any CPU.ActiveCfg = Release|Any CPU
		{FBA63970-6E6F-413E-92A2-4E18DC1BD21B}.Release|Any CPU.Build.0 = Release|Any CPU
		{833384CB-C1B1-4999-83C6-7066781DF2C2}.Debug|Any CPU.ActiveCfg = Debug|Any CPU
		{833384CB-C1B1-4999-83C6-7066781DF2C2}.Debug|Any CPU.Build.0 = Debug|Any CPU
		{833384CB-C1B1-4999-83C6-7066781DF2C2}.Release|Any CPU.ActiveCfg = Release|Any CPU
		{833384CB-C1B1-4999-83C6-7066781DF2C2}.Release|Any CPU.Build.0 = Release|Any CPU
	EndGlobalSection
	GlobalSection(SolutionProperties) = preSolution
		HideSolutionNode = FALSE
	EndGlobalSection
	GlobalSection(ExtensibilityGlobals) = postSolution
		SolutionGuid = {4E82827D-AD97-4E46-A23F-D77D1E5B5B1F}
	EndGlobalSection
EndGlobal
